
Microsoft Visual Studio Solution File, Format Version 12.00
# Visual Studio 15
VisualStudioVersion = 15.0.28307.329
MinimumVisualStudioVersion = 10.0.40219.1
Project("{2150E333-8FDC-42A3-9474-1A3956D46DE8}") = "Services", "Services", "{7E6BA02A-726B-488A-B5DA-56AA5B33330A}"
EndProject
Project("{2150E333-8FDC-42A3-9474-1A3956D46DE8}") = "Identity", "Identity", "{E753FA0B-C3C2-4EC8-8772-D671DE12E4C6}"
EndProject
Project("{2150E333-8FDC-42A3-9474-1A3956D46DE8}") = "Ordering", "Ordering", "{6E6883CF-EFB5-4885-AB5E-E6648BBD9375}"
EndProject
Project("{9A19103F-16F7-4668-BE54-9A1E7A4F7556}") = "Biz.BrightOnion.Identity.API", "Services\Identity\Biz.BrightOnion.Identity.API\Biz.BrightOnion.Identity.API.csproj", "{1E6EDA8C-B1AD-4A79-838D-0B0A477CC0BA}"
EndProject
Project("{9A19103F-16F7-4668-BE54-9A1E7A4F7556}") = "Biz.BrightOnion.Identity.UnitTests", "Services\Identity\Biz.BrightOnion.Identity.UnitTests\Biz.BrightOnion.Identity.UnitTests.csproj", "{0AF0B6FF-4EAB-4F69-AD55-A071728D14A3}"
EndProject
Project("{9A19103F-16F7-4668-BE54-9A1E7A4F7556}") = "Biz.BrightOnion.Ordering.API", "Services\Ordering\Biz.BrightOnion.Ordering.API\Biz.BrightOnion.Ordering.API.csproj", "{0C4F1E9E-629C-4BF4-857F-8106B3821A7B}"
EndProject
Project("{9A19103F-16F7-4668-BE54-9A1E7A4F7556}") = "Biz.BrightOnion.Ordering.UnitTests", "Services\Ordering\Biz.BrightOnion.Ordering.UnitTests\Biz.BrightOnion.Ordering.UnitTests.csproj", "{71E15691-3ED8-4D14-86DE-CF0CC510692E}"
EndProject
Project("{E53339B2-1760-4266-BCC7-CA923CBCF16C}") = "docker-compose", "docker-compose.dcproj", "{4E76A116-B89E-4C5E-9933-D2D840F7BD6B}"
EndProject
Project("{2150E333-8FDC-42A3-9474-1A3956D46DE8}") = "ApiGateways", "ApiGateways", "{5DE4117C-F169-42B9-8540-1A6DD7A5E8A1}"
EndProject
Project("{2150E333-8FDC-42A3-9474-1A3956D46DE8}") = "Web", "Web", "{9D569732-F7D9-42E6-B619-6D88E697969F}"
EndProject
Project("{2150E333-8FDC-42A3-9474-1A3956D46DE8}") = "Catalog", "Catalog", "{B466F5C9-5F34-4ED6-AAE0-717676D6EE04}"
EndProject
Project("{2150E333-8FDC-42A3-9474-1A3956D46DE8}") = "Analytics", "Analytics", "{F8776B61-499B-4CF7-9F0F-7323E6A4C104}"
EndProject
Project("{9A19103F-16F7-4668-BE54-9A1E7A4F7556}") = "Biz.BrightOnion.Catalog.API", "Services\Catalog\Biz.BrightOnion.Catalog.API\Biz.BrightOnion.Catalog.API.csproj", "{FD40C531-7FF0-4248-B260-10987CF7D59E}"
EndProject
Project("{9A19103F-16F7-4668-BE54-9A1E7A4F7556}") = "Biz.BrightOnion.Catalog.UnitTests", "Services\Catalog\Biz.BrightOnion.Catalog.UnitTests\Biz.BrightOnion.Catalog.UnitTests.csproj", "{59AF8D00-3928-4DC2-ADAF-5AAEF0A3DD74}"
EndProject
Project("{9A19103F-16F7-4668-BE54-9A1E7A4F7556}") = "Biz.BrightOnion.Analytics.API", "Services\Analytics\Biz.BrightOnion.Analytics.API\Biz.BrightOnion.Analytics.API.csproj", "{70002F2F-A37D-4254-A895-460C1489C289}"
EndProject
Project("{9A19103F-16F7-4668-BE54-9A1E7A4F7556}") = "Biz.BrightOnion.Analytics.UnitTests", "Services\Analytics\Biz.BrightOnion.Analytics.UnitTests\Biz.BrightOnion.Analytics.UnitTests.csproj", "{2693D9C7-3CA8-4DDF-A1E1-B2515010A32C}"
EndProject
Project("{2150E333-8FDC-42A3-9474-1A3956D46DE8}") = "Infrastructure", "Infrastructure", "{4F11322A-C7B1-4A0F-B9E3-FB5544CCCC68}"
EndProject
Project("{9A19103F-16F7-4668-BE54-9A1E7A4F7556}") = "Biz.BrightOnion.Domain.Infrastructure", "Infrastructure\Biz.BrightOnion.Domain.Infrastructure\Biz.BrightOnion.Domain.Infrastructure.csproj", "{536FD1C3-25A0-428E-990C-2D8D2A1BF0DB}"
EndProject
Project("{9A19103F-16F7-4668-BE54-9A1E7A4F7556}") = "Biz.BrightOnion.ApiGateway", "ApiGateways\Biz.BrightOnion.ApiGateway\Biz.BrightOnion.ApiGateway.csproj", "{11C5CC50-5CB6-49A5-910F-71B3CE279E03}"
EndProject
Project("{9A19103F-16F7-4668-BE54-9A1E7A4F7556}") = "Biz.BrightOnion.Web", "Web\Biz.BrightOnion.Web\Biz.BrightOnion.Web.csproj", "{F87021C0-3B56-4B44-B4F9-66ADA0197003}"
EndProject
Project("{9A19103F-16F7-4668-BE54-9A1E7A4F7556}") = "Biz.BrightOnion.EventBus", "Infrastructure\Biz.BrightOnion.EventBus\Biz.BrightOnion.EventBus.csproj", "{0C673B6B-B9AF-427F-AD32-17CD44FAB4E6}"
EndProject
Project("{9A19103F-16F7-4668-BE54-9A1E7A4F7556}") = "Biz.BrightOnion.EventBus.RabbitMQ", "Infrastructure\Biz.BrightOnion.EventBus.RabbitMQ\Biz.BrightOnion.EventBus.RabbitMQ.csproj", "{82B105E8-AF07-481A-8F49-A51F0F57CBE7}"
EndProject
Project("{9A19103F-16F7-4668-BE54-9A1E7A4F7556}") = "Biz.BrightOnion.Identity.BackgroundTasks", "Services\Identity\Biz.BrightOnion.Identity.BackgroundTasks\Biz.BrightOnion.Identity.BackgroundTasks.csproj", "{7C853282-E95F-437E-93E3-2B0C6A3C6E38}"
EndProject
Project("{9A19103F-16F7-4668-BE54-9A1E7A4F7556}") = "Biz.BrightOnion.Catalog.BackgroundTasks", "Services\Catalog\Biz.BrightOnion.Catalog.BackgroundTasks\Biz.BrightOnion.Catalog.BackgroundTasks.csproj", "{D26A1A2A-1B36-4DAB-8225-70C4069D1C8B}"
EndProject
Project("{FAE04EC0-301F-11D3-BF4B-00C04F79EFBC}") = "Biz.BrightOnion.Ordering.Domain", "Services\Ordering\Biz.BrightOnion.Ordering.Domain\Biz.BrightOnion.Ordering.Domain.csproj", "{C99FB0FA-05EC-423A-9D03-9DC9E63DC746}"
EndProject
Project("{FAE04EC0-301F-11D3-BF4B-00C04F79EFBC}") = "Biz.BrightOnion.Ordering.Infrastructure", "Services\Ordering\Biz.BrightOnion.Ordering.Infrastructure\Biz.BrightOnion.Ordering.Infrastructure.csproj", "{B855D9D1-D055-4918-9009-92DFD35B4305}"
EndProject
Global
	GlobalSection(SolutionConfigurationPlatforms) = preSolution
		Debug|Any CPU = Debug|Any CPU
		Release|Any CPU = Release|Any CPU
	EndGlobalSection
	GlobalSection(ProjectConfigurationPlatforms) = postSolution
		{1E6EDA8C-B1AD-4A79-838D-0B0A477CC0BA}.Debug|Any CPU.ActiveCfg = Debug|Any CPU
		{1E6EDA8C-B1AD-4A79-838D-0B0A477CC0BA}.Debug|Any CPU.Build.0 = Debug|Any CPU
		{1E6EDA8C-B1AD-4A79-838D-0B0A477CC0BA}.Release|Any CPU.ActiveCfg = Release|Any CPU
		{1E6EDA8C-B1AD-4A79-838D-0B0A477CC0BA}.Release|Any CPU.Build.0 = Release|Any CPU
		{0AF0B6FF-4EAB-4F69-AD55-A071728D14A3}.Debug|Any CPU.ActiveCfg = Debug|Any CPU
		{0AF0B6FF-4EAB-4F69-AD55-A071728D14A3}.Debug|Any CPU.Build.0 = Debug|Any CPU
		{0AF0B6FF-4EAB-4F69-AD55-A071728D14A3}.Release|Any CPU.ActiveCfg = Release|Any CPU
		{0AF0B6FF-4EAB-4F69-AD55-A071728D14A3}.Release|Any CPU.Build.0 = Release|Any CPU
		{0C4F1E9E-629C-4BF4-857F-8106B3821A7B}.Debug|Any CPU.ActiveCfg = Debug|Any CPU
		{0C4F1E9E-629C-4BF4-857F-8106B3821A7B}.Debug|Any CPU.Build.0 = Debug|Any CPU
		{0C4F1E9E-629C-4BF4-857F-8106B3821A7B}.Release|Any CPU.ActiveCfg = Release|Any CPU
		{0C4F1E9E-629C-4BF4-857F-8106B3821A7B}.Release|Any CPU.Build.0 = Release|Any CPU
		{71E15691-3ED8-4D14-86DE-CF0CC510692E}.Debug|Any CPU.ActiveCfg = Debug|Any CPU
		{71E15691-3ED8-4D14-86DE-CF0CC510692E}.Debug|Any CPU.Build.0 = Debug|Any CPU
		{71E15691-3ED8-4D14-86DE-CF0CC510692E}.Release|Any CPU.ActiveCfg = Release|Any CPU
		{71E15691-3ED8-4D14-86DE-CF0CC510692E}.Release|Any CPU.Build.0 = Release|Any CPU
		{4E76A116-B89E-4C5E-9933-D2D840F7BD6B}.Debug|Any CPU.ActiveCfg = Debug|Any CPU
		{4E76A116-B89E-4C5E-9933-D2D840F7BD6B}.Debug|Any CPU.Build.0 = Debug|Any CPU
		{4E76A116-B89E-4C5E-9933-D2D840F7BD6B}.Release|Any CPU.ActiveCfg = Release|Any CPU
		{4E76A116-B89E-4C5E-9933-D2D840F7BD6B}.Release|Any CPU.Build.0 = Release|Any CPU
		{FD40C531-7FF0-4248-B260-10987CF7D59E}.Debug|Any CPU.ActiveCfg = Debug|Any CPU
		{FD40C531-7FF0-4248-B260-10987CF7D59E}.Debug|Any CPU.Build.0 = Debug|Any CPU
		{FD40C531-7FF0-4248-B260-10987CF7D59E}.Release|Any CPU.ActiveCfg = Release|Any CPU
		{FD40C531-7FF0-4248-B260-10987CF7D59E}.Release|Any CPU.Build.0 = Release|Any CPU
		{59AF8D00-3928-4DC2-ADAF-5AAEF0A3DD74}.Debug|Any CPU.ActiveCfg = Debug|Any CPU
		{59AF8D00-3928-4DC2-ADAF-5AAEF0A3DD74}.Debug|Any CPU.Build.0 = Debug|Any CPU
		{59AF8D00-3928-4DC2-ADAF-5AAEF0A3DD74}.Release|Any CPU.ActiveCfg = Release|Any CPU
		{59AF8D00-3928-4DC2-ADAF-5AAEF0A3DD74}.Release|Any CPU.Build.0 = Release|Any CPU
		{70002F2F-A37D-4254-A895-460C1489C289}.Debug|Any CPU.ActiveCfg = Debug|Any CPU
		{70002F2F-A37D-4254-A895-460C1489C289}.Debug|Any CPU.Build.0 = Debug|Any CPU
		{70002F2F-A37D-4254-A895-460C1489C289}.Release|Any CPU.ActiveCfg = Release|Any CPU
		{70002F2F-A37D-4254-A895-460C1489C289}.Release|Any CPU.Build.0 = Release|Any CPU
		{2693D9C7-3CA8-4DDF-A1E1-B2515010A32C}.Debug|Any CPU.ActiveCfg = Debug|Any CPU
		{2693D9C7-3CA8-4DDF-A1E1-B2515010A32C}.Debug|Any CPU.Build.0 = Debug|Any CPU
		{2693D9C7-3CA8-4DDF-A1E1-B2515010A32C}.Release|Any CPU.ActiveCfg = Release|Any CPU
		{2693D9C7-3CA8-4DDF-A1E1-B2515010A32C}.Release|Any CPU.Build.0 = Release|Any CPU
		{536FD1C3-25A0-428E-990C-2D8D2A1BF0DB}.Debug|Any CPU.ActiveCfg = Debug|Any CPU
		{536FD1C3-25A0-428E-990C-2D8D2A1BF0DB}.Debug|Any CPU.Build.0 = Debug|Any CPU
		{536FD1C3-25A0-428E-990C-2D8D2A1BF0DB}.Release|Any CPU.ActiveCfg = Release|Any CPU
		{536FD1C3-25A0-428E-990C-2D8D2A1BF0DB}.Release|Any CPU.Build.0 = Release|Any CPU
		{11C5CC50-5CB6-49A5-910F-71B3CE279E03}.Debug|Any CPU.ActiveCfg = Debug|Any CPU
		{11C5CC50-5CB6-49A5-910F-71B3CE279E03}.Debug|Any CPU.Build.0 = Debug|Any CPU
		{11C5CC50-5CB6-49A5-910F-71B3CE279E03}.Release|Any CPU.ActiveCfg = Release|Any CPU
		{11C5CC50-5CB6-49A5-910F-71B3CE279E03}.Release|Any CPU.Build.0 = Release|Any CPU
		{F87021C0-3B56-4B44-B4F9-66ADA0197003}.Debug|Any CPU.ActiveCfg = Debug|Any CPU
		{F87021C0-3B56-4B44-B4F9-66ADA0197003}.Debug|Any CPU.Build.0 = Debug|Any CPU
		{F87021C0-3B56-4B44-B4F9-66ADA0197003}.Release|Any CPU.ActiveCfg = Release|Any CPU
		{F87021C0-3B56-4B44-B4F9-66ADA0197003}.Release|Any CPU.Build.0 = Release|Any CPU
		{0C673B6B-B9AF-427F-AD32-17CD44FAB4E6}.Debug|Any CPU.ActiveCfg = Debug|Any CPU
		{0C673B6B-B9AF-427F-AD32-17CD44FAB4E6}.Debug|Any CPU.Build.0 = Debug|Any CPU
		{0C673B6B-B9AF-427F-AD32-17CD44FAB4E6}.Release|Any CPU.ActiveCfg = Release|Any CPU
		{0C673B6B-B9AF-427F-AD32-17CD44FAB4E6}.Release|Any CPU.Build.0 = Release|Any CPU
		{82B105E8-AF07-481A-8F49-A51F0F57CBE7}.Debug|Any CPU.ActiveCfg = Debug|Any CPU
		{82B105E8-AF07-481A-8F49-A51F0F57CBE7}.Debug|Any CPU.Build.0 = Debug|Any CPU
		{82B105E8-AF07-481A-8F49-A51F0F57CBE7}.Release|Any CPU.ActiveCfg = Release|Any CPU
		{82B105E8-AF07-481A-8F49-A51F0F57CBE7}.Release|Any CPU.Build.0 = Release|Any CPU
		{7C853282-E95F-437E-93E3-2B0C6A3C6E38}.Debug|Any CPU.ActiveCfg = Debug|Any CPU
		{7C853282-E95F-437E-93E3-2B0C6A3C6E38}.Debug|Any CPU.Build.0 = Debug|Any CPU
		{7C853282-E95F-437E-93E3-2B0C6A3C6E38}.Release|Any CPU.ActiveCfg = Release|Any CPU
		{7C853282-E95F-437E-93E3-2B0C6A3C6E38}.Release|Any CPU.Build.0 = Release|Any CPU
		{D26A1A2A-1B36-4DAB-8225-70C4069D1C8B}.Debug|Any CPU.ActiveCfg = Debug|Any CPU
		{D26A1A2A-1B36-4DAB-8225-70C4069D1C8B}.Debug|Any CPU.Build.0 = Debug|Any CPU
		{D26A1A2A-1B36-4DAB-8225-70C4069D1C8B}.Release|Any CPU.ActiveCfg = Release|Any CPU
		{D26A1A2A-1B36-4DAB-8225-70C4069D1C8B}.Release|Any CPU.Build.0 = Release|Any CPU
		{C99FB0FA-05EC-423A-9D03-9DC9E63DC746}.Debug|Any CPU.ActiveCfg = Debug|Any CPU
		{C99FB0FA-05EC-423A-9D03-9DC9E63DC746}.Debug|Any CPU.Build.0 = Debug|Any CPU
		{C99FB0FA-05EC-423A-9D03-9DC9E63DC746}.Release|Any CPU.ActiveCfg = Release|Any CPU
		{C99FB0FA-05EC-423A-9D03-9DC9E63DC746}.Release|Any CPU.Build.0 = Release|Any CPU
		{B855D9D1-D055-4918-9009-92DFD35B4305}.Debug|Any CPU.ActiveCfg = Debug|Any CPU
		{B855D9D1-D055-4918-9009-92DFD35B4305}.Debug|Any CPU.Build.0 = Debug|Any CPU
		{B855D9D1-D055-4918-9009-92DFD35B4305}.Release|Any CPU.ActiveCfg = Release|Any CPU
		{B855D9D1-D055-4918-9009-92DFD35B4305}.Release|Any CPU.Build.0 = Release|Any CPU
	EndGlobalSection
	GlobalSection(SolutionProperties) = preSolution
		HideSolutionNode = FALSE
	EndGlobalSection
	GlobalSection(NestedProjects) = preSolution
		{E753FA0B-C3C2-4EC8-8772-D671DE12E4C6} = {7E6BA02A-726B-488A-B5DA-56AA5B33330A}
		{6E6883CF-EFB5-4885-AB5E-E6648BBD9375} = {7E6BA02A-726B-488A-B5DA-56AA5B33330A}
		{1E6EDA8C-B1AD-4A79-838D-0B0A477CC0BA} = {E753FA0B-C3C2-4EC8-8772-D671DE12E4C6}
		{0AF0B6FF-4EAB-4F69-AD55-A071728D14A3} = {E753FA0B-C3C2-4EC8-8772-D671DE12E4C6}
		{0C4F1E9E-629C-4BF4-857F-8106B3821A7B} = {6E6883CF-EFB5-4885-AB5E-E6648BBD9375}
		{71E15691-3ED8-4D14-86DE-CF0CC510692E} = {6E6883CF-EFB5-4885-AB5E-E6648BBD9375}
		{B466F5C9-5F34-4ED6-AAE0-717676D6EE04} = {7E6BA02A-726B-488A-B5DA-56AA5B33330A}
		{F8776B61-499B-4CF7-9F0F-7323E6A4C104} = {7E6BA02A-726B-488A-B5DA-56AA5B33330A}
		{FD40C531-7FF0-4248-B260-10987CF7D59E} = {B466F5C9-5F34-4ED6-AAE0-717676D6EE04}
		{59AF8D00-3928-4DC2-ADAF-5AAEF0A3DD74} = {B466F5C9-5F34-4ED6-AAE0-717676D6EE04}
		{70002F2F-A37D-4254-A895-460C1489C289} = {F8776B61-499B-4CF7-9F0F-7323E6A4C104}
		{2693D9C7-3CA8-4DDF-A1E1-B2515010A32C} = {F8776B61-499B-4CF7-9F0F-7323E6A4C104}
		{536FD1C3-25A0-428E-990C-2D8D2A1BF0DB} = {4F11322A-C7B1-4A0F-B9E3-FB5544CCCC68}
		{11C5CC50-5CB6-49A5-910F-71B3CE279E03} = {5DE4117C-F169-42B9-8540-1A6DD7A5E8A1}
		{F87021C0-3B56-4B44-B4F9-66ADA0197003} = {9D569732-F7D9-42E6-B619-6D88E697969F}
		{0C673B6B-B9AF-427F-AD32-17CD44FAB4E6} = {4F11322A-C7B1-4A0F-B9E3-FB5544CCCC68}
		{82B105E8-AF07-481A-8F49-A51F0F57CBE7} = {4F11322A-C7B1-4A0F-B9E3-FB5544CCCC68}
		{7C853282-E95F-437E-93E3-2B0C6A3C6E38} = {E753FA0B-C3C2-4EC8-8772-D671DE12E4C6}
		{D26A1A2A-1B36-4DAB-8225-70C4069D1C8B} = {B466F5C9-5F34-4ED6-AAE0-717676D6EE04}
		{C99FB0FA-05EC-423A-9D03-9DC9E63DC746} = {6E6883CF-EFB5-4885-AB5E-E6648BBD9375}
		{B855D9D1-D055-4918-9009-92DFD35B4305} = {6E6883CF-EFB5-4885-AB5E-E6648BBD9375}
	EndGlobalSection
	GlobalSection(ExtensibilityGlobals) = postSolution
		SolutionGuid = {6CF106B7-E7DD-4757-A408-D5CF2B7BECC7}
	EndGlobalSection
EndGlobal
